// !$*UTF8*$!
{
	archiveVersion = 1;
	classes = {
	};
	objectVersion = 48;
	objects = {

/* Begin PBXBuildFile section */
		9B24105E1DDFE14731561D4E /* snapshot_6.png in Resources */ = {isa = PBXBuildFile; fileRef = 9B2413A3FB4E88A3C6838CAC /* snapshot_6.png */; };
		9B24113921DA4E03AD3A4963 /* snapshot_0.png in Resources */ = {isa = PBXBuildFile; fileRef = 9B2413A92060F5BCACA6F69C /* snapshot_0.png */; };
		9B2412ACE87A0FF189D531F3 /* snapshot_4.png in Resources */ = {isa = PBXBuildFile; fileRef = 9B24183D1942EEE16C8790DB /* snapshot_4.png */; };
		9B2412DE419B52397DE2E48D /* snapshot_3.png in Resources */ = {isa = PBXBuildFile; fileRef = 9B241FE902816D6BEA9975E4 /* snapshot_3.png */; };
		9B24148C2D5EA32311D0EEF7 /* CardViewHeader.m in Sources */ = {isa = PBXBuildFile; fileRef = 9B24146DF54633309E5BA1D8 /* CardViewHeader.m */; };
		9B241562343AC481C7D67C1F /* CardViewButton.m in Sources */ = {isa = PBXBuildFile; fileRef = 9B24175714D90F43E1A2E3A6 /* CardViewButton.m */; };
		9B2416128651DEA53035ACA8 /* SnapshotView.m in Sources */ = {isa = PBXBuildFile; fileRef = 9B2411918E16D7E7CD24B5C4 /* SnapshotView.m */; };
		9B24172B7AD148B0148235C0 /* snapshot_2.png in Resources */ = {isa = PBXBuildFile; fileRef = 9B241DF493954D2E108E4C40 /* snapshot_2.png */; };
		9B241999862EAA40E55CF9F2 /* ColorProvider.m in Sources */ = {isa = PBXBuildFile; fileRef = 9B2417C4045F9722E6A4AB3F /* ColorProvider.m */; };
		9B2419CEDFB39C488410F195 /* snapshot_5.png in Resources */ = {isa = PBXBuildFile; fileRef = 9B24124FC2E78D0059255894 /* snapshot_5.png */; };
		9B241AA697C21DB9B5EE4314 /* StackContainer.m in Sources */ = {isa = PBXBuildFile; fileRef = 9B2415F16CC5174BBF12A47D /* StackContainer.m */; };
		9B241E7F0FD403C75838F3C2 /* snapshot_7.png in Resources */ = {isa = PBXBuildFile; fileRef = 9B241EFE7D373410DC5E210B /* snapshot_7.png */; };
		9B241FECCADE47596F7B9477 /* snapshot_1.png in Resources */ = {isa = PBXBuildFile; fileRef = 9B2410210DAE561244154C61 /* snapshot_1.png */; };
		B86A3728201A8787000635CD /* AppDelegate.m in Sources */ = {isa = PBXBuildFile; fileRef = B86A3727201A8787000635CD /* AppDelegate.m */; };
		B86A372B201A8787000635CD /* CollectionViewControler.m in Sources */ = {isa = PBXBuildFile; fileRef = B86A372A201A8787000635CD /* CollectionViewControler.m */; };
		B86A372E201A8787000635CD /* Main.storyboard in Resources */ = {isa = PBXBuildFile; fileRef = B86A372C201A8787000635CD /* Main.storyboard */; };
		B86A3730201A8787000635CD /* Assets.xcassets in Resources */ = {isa = PBXBuildFile; fileRef = B86A372F201A8787000635CD /* Assets.xcassets */; };
		B86A3733201A8787000635CD /* LaunchScreen.storyboard in Resources */ = {isa = PBXBuildFile; fileRef = B86A3731201A8787000635CD /* LaunchScreen.storyboard */; };
		B86A3736201A8787000635CD /* main.m in Sources */ = {isa = PBXBuildFile; fileRef = B86A3735201A8787000635CD /* main.m */; };
		B86A373E201A9D07000635CD /* CollectionViewCell.m in Sources */ = {isa = PBXBuildFile; fileRef = B86A373D201A9D07000635CD /* CollectionViewCell.m */; };
		B8D1FAEB201FF1CD00072D4C /* appcard.png in Resources */ = {isa = PBXBuildFile; fileRef = B8D1FAEA201FF1CD00072D4C /* appcard.png */; };
		B8D1FAF92020145600072D4C /* play@2x.png in Resources */ = {isa = PBXBuildFile; fileRef = B8D1FAF82020145500072D4C /* play@2x.png */; };
		B8D1FAFB2020146F00072D4C /* skip@2x.png in Resources */ = {isa = PBXBuildFile; fileRef = B8D1FAFA2020146E00072D4C /* skip@2x.png */; };
		B8D1FAFD2020149900072D4C /* back@2x.png in Resources */ = {isa = PBXBuildFile; fileRef = B8D1FAFC2020149900072D4C /* back@2x.png */; };
/* End PBXBuildFile section */

/* Begin PBXFileReference section */
		9B2410210DAE561244154C61 /* snapshot_1.png */ = {isa = PBXFileReference; lastKnownFileType = image.png; path = snapshot_1.png; sourceTree = "<group>"; };
		9B2411918E16D7E7CD24B5C4 /* SnapshotView.m */ = {isa = PBXFileReference; fileEncoding = 4; lastKnownFileType = sourcecode.c.objc; path = SnapshotView.m; sourceTree = "<group>"; };
		9B24124FC2E78D0059255894 /* snapshot_5.png */ = {isa = PBXFileReference; lastKnownFileType = image.png; path = snapshot_5.png; sourceTree = "<group>"; };
		9B2413A3FB4E88A3C6838CAC /* snapshot_6.png */ = {isa = PBXFileReference; lastKnownFileType = image.png; path = snapshot_6.png; sourceTree = "<group>"; };
		9B2413A92060F5BCACA6F69C /* snapshot_0.png */ = {isa = PBXFileReference; lastKnownFileType = image.png; path = snapshot_0.png; sourceTree = "<group>"; };
		9B24146DF54633309E5BA1D8 /* CardViewHeader.m */ = {isa = PBXFileReference; fileEncoding = 4; lastKnownFileType = sourcecode.c.objc; path = CardViewHeader.m; sourceTree = "<group>"; };
		9B2414E6CC61F80A43E9FEAA /* ColorProvider.h */ = {isa = PBXFileReference; fileEncoding = 4; lastKnownFileType = sourcecode.c.h; path = ColorProvider.h; sourceTree = "<group>"; };
		9B2415F16CC5174BBF12A47D /* StackContainer.m */ = {isa = PBXFileReference; fileEncoding = 4; lastKnownFileType = sourcecode.c.objc; path = StackContainer.m; sourceTree = "<group>"; };
		9B24175714D90F43E1A2E3A6 /* CardViewButton.m */ = {isa = PBXFileReference; fileEncoding = 4; lastKnownFileType = sourcecode.c.objc; path = CardViewButton.m; sourceTree = "<group>"; };
		9B2417C4045F9722E6A4AB3F /* ColorProvider.m */ = {isa = PBXFileReference; fileEncoding = 4; lastKnownFileType = sourcecode.c.objc; path = ColorProvider.m; sourceTree = "<group>"; };
		9B24183D1942EEE16C8790DB /* snapshot_4.png */ = {isa = PBXFileReference; lastKnownFileType = image.png; path = snapshot_4.png; sourceTree = "<group>"; };
		9B241931FC3B5D9F1B497141 /* CardViewHeader.h */ = {isa = PBXFileReference; fileEncoding = 4; lastKnownFileType = sourcecode.c.h; path = CardViewHeader.h; sourceTree = "<group>"; };
		9B241A4A3996938964F8D135 /* SnapshotView.h */ = {isa = PBXFileReference; fileEncoding = 4; lastKnownFileType = sourcecode.c.h; path = SnapshotView.h; sourceTree = "<group>"; };
		9B241D895F2B5A8738AD19A5 /* CardViewButton.h */ = {isa = PBXFileReference; fileEncoding = 4; lastKnownFileType = sourcecode.c.h; path = CardViewButton.h; sourceTree = "<group>"; };
		9B241D9A41E3B61D8D9FC702 /* StackContainer.h */ = {isa = PBXFileReference; fileEncoding = 4; lastKnownFileType = sourcecode.c.h; path = StackContainer.h; sourceTree = "<group>"; };
		9B241DF493954D2E108E4C40 /* snapshot_2.png */ = {isa = PBXFileReference; lastKnownFileType = image.png; path = snapshot_2.png; sourceTree = "<group>"; };
		9B241EFE7D373410DC5E210B /* snapshot_7.png */ = {isa = PBXFileReference; lastKnownFileType = image.png; path = snapshot_7.png; sourceTree = "<group>"; };
		9B241FCC3DD4788067282A21 /* CollectionViewCell.h */ = {isa = PBXFileReference; fileEncoding = 4; lastKnownFileType = sourcecode.c.h; path = CollectionViewCell.h; sourceTree = "<group>"; };
		9B241FE902816D6BEA9975E4 /* snapshot_3.png */ = {isa = PBXFileReference; lastKnownFileType = image.png; path = snapshot_3.png; sourceTree = "<group>"; };
		B86A3723201A8787000635CD /* AppCollectionView.app */ = {isa = PBXFileReference; explicitFileType = wrapper.application; includeInIndex = 0; path = AppCollectionView.app; sourceTree = BUILT_PRODUCTS_DIR; };
		B86A3726201A8787000635CD /* AppDelegate.h */ = {isa = PBXFileReference; lastKnownFileType = sourcecode.c.h; path = AppDelegate.h; sourceTree = "<group>"; };
		B86A3727201A8787000635CD /* AppDelegate.m */ = {isa = PBXFileReference; lastKnownFileType = sourcecode.c.objc; path = AppDelegate.m; sourceTree = "<group>"; };
		B86A3729201A8787000635CD /* CollectionViewControler.h */ = {isa = PBXFileReference; lastKnownFileType = sourcecode.c.h; path = CollectionViewControler.h; sourceTree = "<group>"; };
		B86A372A201A8787000635CD /* CollectionViewControler.m */ = {isa = PBXFileReference; lastKnownFileType = sourcecode.c.objc; path = CollectionViewControler.m; sourceTree = "<group>"; };
		B86A372D201A8787000635CD /* Base */ = {isa = PBXFileReference; lastKnownFileType = file.storyboard; name = Base; path = Base.lproj/Main.storyboard; sourceTree = "<group>"; };
		B86A372F201A8787000635CD /* Assets.xcassets */ = {isa = PBXFileReference; lastKnownFileType = folder.assetcatalog; path = Assets.xcassets; sourceTree = "<group>"; };
		B86A3732201A8787000635CD /* Base */ = {isa = PBXFileReference; lastKnownFileType = file.storyboard; name = Base; path = Base.lproj/LaunchScreen.storyboard; sourceTree = "<group>"; };
		B86A3734201A8787000635CD /* Info.plist */ = {isa = PBXFileReference; lastKnownFileType = text.plist.xml; path = Info.plist; sourceTree = "<group>"; };
		B86A3735201A8787000635CD /* main.m */ = {isa = PBXFileReference; lastKnownFileType = sourcecode.c.objc; path = main.m; sourceTree = "<group>"; };
		B86A373D201A9D07000635CD /* CollectionViewCell.m */ = {isa = PBXFileReference; lastKnownFileType = sourcecode.c.objc; path = CollectionViewCell.m; sourceTree = "<group>"; };
		B8D1FAEA201FF1CD00072D4C /* appcard.png */ = {isa = PBXFileReference; lastKnownFileType = image.png; path = appcard.png; sourceTree = "<group>"; };
		B8D1FAF82020145500072D4C /* play@2x.png */ = {isa = PBXFileReference; lastKnownFileType = image.png; path = "play@2x.png"; sourceTree = "<group>"; };
		B8D1FAFA2020146E00072D4C /* skip@2x.png */ = {isa = PBXFileReference; lastKnownFileType = image.png; path = "skip@2x.png"; sourceTree = "<group>"; };
		B8D1FAFC2020149900072D4C /* back@2x.png */ = {isa = PBXFileReference; lastKnownFileType = image.png; path = "back@2x.png"; sourceTree = "<group>"; };
/* End PBXFileReference section */

/* Begin PBXFrameworksBuildPhase section */
		B86A3720201A8787000635CD /* Frameworks */ = {
			isa = PBXFrameworksBuildPhase;
			buildActionMask = 2147483647;
			files = (
			);
			runOnlyForDeploymentPostprocessing = 0;
		};
/* End PBXFrameworksBuildPhase section */

/* Begin PBXGroup section */
		9B2417635C7B87F705EF9A5A /* assets */ = {
			isa = PBXGroup;
			children = (
				B8D1FAFA2020146E00072D4C /* skip@2x.png */,
				B8D1FAF82020145500072D4C /* play@2x.png */,
				B8D1FAFC2020149900072D4C /* back@2x.png */,
				B8D1FAEA201FF1CD00072D4C /* appcard.png */,
				9B2413A92060F5BCACA6F69C /* snapshot_0.png */,
				9B2410210DAE561244154C61 /* snapshot_1.png */,
				9B241DF493954D2E108E4C40 /* snapshot_2.png */,
				9B241FE902816D6BEA9975E4 /* snapshot_3.png */,
				9B24183D1942EEE16C8790DB /* snapshot_4.png */,
				9B24124FC2E78D0059255894 /* snapshot_5.png */,
				9B2413A3FB4E88A3C6838CAC /* snapshot_6.png */,
				9B241EFE7D373410DC5E210B /* snapshot_7.png */,
			);
			path = assets;
			sourceTree = "<group>";
		};
		B86A371A201A8787000635CD = {
			isa = PBXGroup;
			children = (
				B86A3725201A8787000635CD /* AppCollectionView */,
				B86A3724201A8787000635CD /* Products */,
			);
			sourceTree = "<group>";
		};
		B86A3724201A8787000635CD /* Products */ = {
			isa = PBXGroup;
			children = (
				B86A3723201A8787000635CD /* AppCollectionView.app */,
			);
			name = Products;
			sourceTree = "<group>";
		};
		B86A3725201A8787000635CD /* AppCollectionView */ = {
			isa = PBXGroup;
			children = (
				B86A3726201A8787000635CD /* AppDelegate.h */,
				B86A3727201A8787000635CD /* AppDelegate.m */,
				9B241FCC3DD4788067282A21 /* CollectionViewCell.h */,
				B86A373D201A9D07000635CD /* CollectionViewCell.m */,
				9B2417C4045F9722E6A4AB3F /* ColorProvider.m */,
				9B2414E6CC61F80A43E9FEAA /* ColorProvider.h */,
				B86A3729201A8787000635CD /* CollectionViewControler.h */,
				B86A372A201A8787000635CD /* CollectionViewControler.m */,
				B86A372C201A8787000635CD /* Main.storyboard */,
				B86A372F201A8787000635CD /* Assets.xcassets */,
				B86A3731201A8787000635CD /* LaunchScreen.storyboard */,
				B86A3734201A8787000635CD /* Info.plist */,
				B86A3735201A8787000635CD /* main.m */,
				9B24175714D90F43E1A2E3A6 /* CardViewButton.m */,
				9B241D895F2B5A8738AD19A5 /* CardViewButton.h */,
				9B2417635C7B87F705EF9A5A /* assets */,
				9B2411918E16D7E7CD24B5C4 /* SnapshotView.m */,
				9B241A4A3996938964F8D135 /* SnapshotView.h */,
				9B2415F16CC5174BBF12A47D /* StackContainer.m */,
				9B241D9A41E3B61D8D9FC702 /* StackContainer.h */,
				9B24146DF54633309E5BA1D8 /* CardViewHeader.m */,
				9B241931FC3B5D9F1B497141 /* CardViewHeader.h */,
			);
			path = AppCollectionView;
			sourceTree = "<group>";
		};
/* End PBXGroup section */

/* Begin PBXNativeTarget section */
		B86A3722201A8787000635CD /* AppCollectionView */ = {
			isa = PBXNativeTarget;
			buildConfigurationList = B86A3739201A8787000635CD /* Build configuration list for PBXNativeTarget "AppCollectionView" */;
			buildPhases = (
				B86A371F201A8787000635CD /* Sources */,
				B86A3720201A8787000635CD /* Frameworks */,
				B86A3721201A8787000635CD /* Resources */,
			);
			buildRules = (
			);
			dependencies = (
			);
			name = AppCollectionView;
			productName = AppCollectionView;
			productReference = B86A3723201A8787000635CD /* AppCollectionView.app */;
			productType = "com.apple.product-type.application";
		};
/* End PBXNativeTarget section */

/* Begin PBXProject section */
		B86A371B201A8787000635CD /* Project object */ = {
			isa = PBXProject;
			attributes = {
				LastUpgradeCheck = 0920;
				ORGANIZATIONNAME = CreatureCoding;
				TargetAttributes = {
					B86A3722201A8787000635CD = {
						CreatedOnToolsVersion = 9.2;
						ProvisioningStyle = Automatic;
					};
				};
			};
			buildConfigurationList = B86A371E201A8787000635CD /* Build configuration list for PBXProject "AppCollectionView" */;
			compatibilityVersion = "Xcode 8.0";
			developmentRegion = en;
			hasScannedForEncodings = 0;
			knownRegions = (
				en,
				Base,
			);
			mainGroup = B86A371A201A8787000635CD;
			productRefGroup = B86A3724201A8787000635CD /* Products */;
			projectDirPath = "";
			projectRoot = "";
			targets = (
				B86A3722201A8787000635CD /* AppCollectionView */,
			);
		};
/* End PBXProject section */

/* Begin PBXResourcesBuildPhase section */
		B86A3721201A8787000635CD /* Resources */ = {
			isa = PBXResourcesBuildPhase;
			buildActionMask = 2147483647;
			files = (
				B86A3733201A8787000635CD /* LaunchScreen.storyboard in Resources */,
				B86A3730201A8787000635CD /* Assets.xcassets in Resources */,
				B86A372E201A8787000635CD /* Main.storyboard in Resources */,
				9B24113921DA4E03AD3A4963 /* snapshot_0.png in Resources */,
				9B241FECCADE47596F7B9477 /* snapshot_1.png in Resources */,
				B8D1FAF92020145600072D4C /* play@2x.png in Resources */,
				B8D1FAEB201FF1CD00072D4C /* appcard.png in Resources */,
				B8D1FAFB2020146F00072D4C /* skip@2x.png in Resources */,
				9B24172B7AD148B0148235C0 /* snapshot_2.png in Resources */,
				9B2412DE419B52397DE2E48D /* snapshot_3.png in Resources */,
				9B2412ACE87A0FF189D531F3 /* snapshot_4.png in Resources */,
				B8D1FAFD2020149900072D4C /* back@2x.png in Resources */,
				9B2419CEDFB39C488410F195 /* snapshot_5.png in Resources */,
				9B24105E1DDFE14731561D4E /* snapshot_6.png in Resources */,
				9B241E7F0FD403C75838F3C2 /* snapshot_7.png in Resources */,
			);
			runOnlyForDeploymentPostprocessing = 0;
		};
/* End PBXResourcesBuildPhase section */

/* Begin PBXSourcesBuildPhase section */
		B86A371F201A8787000635CD /* Sources */ = {
			isa = PBXSourcesBuildPhase;
			buildActionMask = 2147483647;
			files = (
				B86A372B201A8787000635CD /* CollectionViewControler.m in Sources */,
				B86A3736201A8787000635CD /* main.m in Sources */,
				B86A373E201A9D07000635CD /* CollectionViewCell.m in Sources */,
				B86A3728201A8787000635CD /* AppDelegate.m in Sources */,
				9B241999862EAA40E55CF9F2 /* ColorProvider.m in Sources */,
				9B241562343AC481C7D67C1F /* CardViewButton.m in Sources */,
				9B2416128651DEA53035ACA8 /* SnapshotView.m in Sources */,
				9B241AA697C21DB9B5EE4314 /* StackContainer.m in Sources */,
				9B24148C2D5EA32311D0EEF7 /* CardViewHeader.m in Sources */,
			);
			runOnlyForDeploymentPostprocessing = 0;
		};
/* End PBXSourcesBuildPhase section */

/* Begin PBXVariantGroup section */
		B86A372C201A8787000635CD /* Main.storyboard */ = {
			isa = PBXVariantGroup;
			children = (
				B86A372D201A8787000635CD /* Base */,
			);
			name = Main.storyboard;
			sourceTree = "<group>";
		};
		B86A3731201A8787000635CD /* LaunchScreen.storyboard */ = {
			isa = PBXVariantGroup;
			children = (
				B86A3732201A8787000635CD /* Base */,
			);
			name = LaunchScreen.storyboard;
			sourceTree = "<group>";
		};
/* End PBXVariantGroup section */

/* Begin XCBuildConfiguration section */
		B86A3737201A8787000635CD /* Debug */ = {
			isa = XCBuildConfiguration;
			buildSettings = {
				ALWAYS_SEARCH_USER_PATHS = NO;
				CLANG_ANALYZER_NONNULL = YES;
				CLANG_ANALYZER_NUMBER_OBJECT_CONVERSION = YES_AGGRESSIVE;
				CLANG_CXX_LANGUAGE_STANDARD = "gnu++14";
				CLANG_CXX_LIBRARY = "libc++";
				CLANG_ENABLE_MODULES = YES;
				CLANG_ENABLE_OBJC_ARC = YES;
				CLANG_WARN_BLOCK_CAPTURE_AUTORELEASING = YES;
				CLANG_WARN_BOOL_CONVERSION = YES;
				CLANG_WARN_COMMA = YES;
				CLANG_WARN_CONSTANT_CONVERSION = YES;
				CLANG_WARN_DIRECT_OBJC_ISA_USAGE = YES_ERROR;
				CLANG_WARN_DOCUMENTATION_COMMENTS = YES;
				CLANG_WARN_EMPTY_BODY = YES;
				CLANG_WARN_ENUM_CONVERSION = YES;
				CLANG_WARN_INFINITE_RECURSION = YES;
				CLANG_WARN_INT_CONVERSION = YES;
				CLANG_WARN_NON_LITERAL_NULL_CONVERSION = YES;
				CLANG_WARN_OBJC_LITERAL_CONVERSION = YES;
				CLANG_WARN_OBJC_ROOT_CLASS = YES_ERROR;
				CLANG_WARN_RANGE_LOOP_ANALYSIS = YES;
				CLANG_WARN_STRICT_PROTOTYPES = YES;
				CLANG_WARN_SUSPICIOUS_MOVE = YES;
				CLANG_WARN_UNGUARDED_AVAILABILITY = YES_AGGRESSIVE;
				CLANG_WARN_UNREACHABLE_CODE = YES;
				CLANG_WARN__DUPLICATE_METHOD_MATCH = YES;
				CODE_SIGN_IDENTITY = "iPhone Developer";
				COPY_PHASE_STRIP = NO;
				DEBUG_INFORMATION_FORMAT = dwarf;
				ENABLE_STRICT_OBJC_MSGSEND = YES;
				ENABLE_TESTABILITY = YES;
				GCC_C_LANGUAGE_STANDARD = gnu11;
				GCC_DYNAMIC_NO_PIC = NO;
				GCC_NO_COMMON_BLOCKS = YES;
				GCC_OPTIMIZATION_LEVEL = 0;
				GCC_PREPROCESSOR_DEFINITIONS = (
					"DEBUG=1",
					"$(inherited)",
				);
				GCC_WARN_64_TO_32_BIT_CONVERSION = YES;
				GCC_WARN_ABOUT_RETURN_TYPE = YES_ERROR;
				GCC_WARN_UNDECLARED_SELECTOR = YES;
				GCC_WARN_UNINITIALIZED_AUTOS = YES_AGGRESSIVE;
				GCC_WARN_UNUSED_FUNCTION = YES;
				GCC_WARN_UNUSED_VARIABLE = YES;
				IPHONEOS_DEPLOYMENT_TARGET = 11.2;
				MTL_ENABLE_DEBUG_INFO = YES;
				ONLY_ACTIVE_ARCH = YES;
				SDKROOT = iphoneos;
			};
			name = Debug;
		};
		B86A3738201A8787000635CD /* Release */ = {
			isa = XCBuildConfiguration;
			buildSettings = {
				ALWAYS_SEARCH_USER_PATHS = NO;
				CLANG_ANALYZER_NONNULL = YES;
				CLANG_ANALYZER_NUMBER_OBJECT_CONVERSION = YES_AGGRESSIVE;
				CLANG_CXX_LANGUAGE_STANDARD = "gnu++14";
				CLANG_CXX_LIBRARY = "libc++";
				CLANG_ENABLE_MODULES = YES;
				CLANG_ENABLE_OBJC_ARC = YES;
				CLANG_WARN_BLOCK_CAPTURE_AUTORELEASING = YES;
				CLANG_WARN_BOOL_CONVERSION = YES;
				CLANG_WARN_COMMA = YES;
				CLANG_WARN_CONSTANT_CONVERSION = YES;
				CLANG_WARN_DIRECT_OBJC_ISA_USAGE = YES_ERROR;
				CLANG_WARN_DOCUMENTATION_COMMENTS = YES;
				CLANG_WARN_EMPTY_BODY = YES;
				CLANG_WARN_ENUM_CONVERSION = YES;
				CLANG_WARN_INFINITE_RECURSION = YES;
				CLANG_WARN_INT_CONVERSION = YES;
				CLANG_WARN_NON_LITERAL_NULL_CONVERSION = YES;
				CLANG_WARN_OBJC_LITERAL_CONVERSION = YES;
				CLANG_WARN_OBJC_ROOT_CLASS = YES_ERROR;
				CLANG_WARN_RANGE_LOOP_ANALYSIS = YES;
				CLANG_WARN_STRICT_PROTOTYPES = YES;
				CLANG_WARN_SUSPICIOUS_MOVE = YES;
				CLANG_WARN_UNGUARDED_AVAILABILITY = YES_AGGRESSIVE;
				CLANG_WARN_UNREACHABLE_CODE = YES;
				CLANG_WARN__DUPLICATE_METHOD_MATCH = YES;
				CODE_SIGN_IDENTITY = "iPhone Developer";
				COPY_PHASE_STRIP = NO;
				DEBUG_INFORMATION_FORMAT = "dwarf-with-dsym";
				ENABLE_NS_ASSERTIONS = NO;
				ENABLE_STRICT_OBJC_MSGSEND = YES;
				GCC_C_LANGUAGE_STANDARD = gnu11;
				GCC_NO_COMMON_BLOCKS = YES;
				GCC_WARN_64_TO_32_BIT_CONVERSION = YES;
				GCC_WARN_ABOUT_RETURN_TYPE = YES_ERROR;
				GCC_WARN_UNDECLARED_SELECTOR = YES;
				GCC_WARN_UNINITIALIZED_AUTOS = YES_AGGRESSIVE;
				GCC_WARN_UNUSED_FUNCTION = YES;
				GCC_WARN_UNUSED_VARIABLE = YES;
				IPHONEOS_DEPLOYMENT_TARGET = 11.2;
				MTL_ENABLE_DEBUG_INFO = NO;
				SDKROOT = iphoneos;
				VALIDATE_PRODUCT = YES;
			};
			name = Release;
		};
		B86A373A201A8787000635CD /* Debug */ = {
			isa = XCBuildConfiguration;
			buildSettings = {
				ASSETCATALOG_COMPILER_APPICON_NAME = AppIcon;
				"CODE_SIGN_IDENTITY[sdk=iphoneos*]" = "iPhone Developer";
				CODE_SIGN_STYLE = Automatic;
				DEVELOPMENT_TEAM = RUMWXF5QY3;
				INFOPLIST_FILE = AppCollectionView/Info.plist;
				IPHONEOS_DEPLOYMENT_TARGET = 10.0;
				LD_RUNPATH_SEARCH_PATHS = "$(inherited) @executable_path/Frameworks";
				PRODUCT_BUNDLE_IDENTIFIER = com.creaturecoding.AppCollectionView;
				PRODUCT_NAME = "$(TARGET_NAME)";
				PROVISIONING_PROFILE_SPECIFIER = "";
				TARGETED_DEVICE_FAMILY = "1,2";
			};
			name = Debug;
		};
		B86A373B201A8787000635CD /* Release */ = {
			isa = XCBuildConfiguration;
			buildSettings = {
				ASSETCATALOG_COMPILER_APPICON_NAME = AppIcon;
				"CODE_SIGN_IDENTITY[sdk=iphoneos*]" = "iPhone Developer";
				CODE_SIGN_STYLE = Automatic;
				DEVELOPMENT_TEAM = RUMWXF5QY3;
				INFOPLIST_FILE = AppCollectionView/Info.plist;
				IPHONEOS_DEPLOYMENT_TARGET = 10.0;
				LD_RUNPATH_SEARCH_PATHS = "$(inherited) @executable_path/Frameworks";
				PRODUCT_BUNDLE_IDENTIFIER = com.creaturecoding.AppCollectionView;
				PRODUCT_NAME = "$(TARGET_NAME)";
				PROVISIONING_PROFILE_SPECIFIER = "";
				TARGETED_DEVICE_FAMILY = "1,2";
			};
			name = Release;
		};
/* End XCBuildConfiguration section */

/* Begin XCConfigurationList section */
		B86A371E201A8787000635CD /* Build configuration list for PBXProject "AppCollectionView" */ = {
			isa = XCConfigurationList;
			buildConfigurations = (
				B86A3737201A8787000635CD /* Debug */,
				B86A3738201A8787000635CD /* Release */,
			);
			defaultConfigurationIsVisible = 0;
			defaultConfigurationName = Release;
		};
		B86A3739201A8787000635CD /* Build configuration list for PBXNativeTarget "AppCollectionView" */ = {
			isa = XCConfigurationList;
			buildConfigurations = (
				B86A373A201A8787000635CD /* Debug */,
				B86A373B201A8787000635CD /* Release */,
			);
			defaultConfigurationIsVisible = 0;
			defaultConfigurationName = Release;
		};
/* End XCConfigurationList section */
	};
	rootObject = B86A371B201A8787000635CD /* Project object */;
}
