<?xml version="1.0" encoding="UTF-8"?>
<Scheme
   version = "1.3">
   <BuildAction>
      <BuildActionEntries>
         <BuildActionEntry
            buildForRunning = "YES">
            <BuildableReference
               BuildableIdentifier = "primary"
               BlueprintIdentifier = "B86A3722201A8787000635CD"
               BuildableName = "AppCollectionView.app"
               BlueprintName = "AppCollectionView"
               ReferencedContainer = "container:AppCollectionView.xcodeproj">
            </BuildableReference>
         </BuildActionEntry>
      </BuildActionEntries>
   </BuildAction>
   <LaunchAction
      useCustomWorkingDirectory = "NO"
      buildConfiguration = "Debug">
      <BuildableProductRunnable>
         <BuildableReference
            BuildableIdentifier = "primary"
            BlueprintIdentifier = "B86A3722201A8787000635CD"
            BuildableName = "AppCollectionView.app"
            BlueprintName = "AppCollectionView"
            ReferencedContainer = "container:AppCollectionView.xcodeproj">
         </BuildableReference>
      </BuildableProductRunnable>
   </LaunchAction>
</Scheme>
